
Microsoft Visual Studio Solution File, Format Version 12.00
# Visual Studio Version 17
VisualStudioVersion = 17.5.002.0
MinimumVisualStudioVersion = 10.0.40219.1
Project("{9A19103F-16F7-4668-BE54-9A1E7A4F7556}") = "ConsoleUII", "ConsoleUII.csproj", "{3B9134F3-85F2-4F57-B235-817A7103E093}"
EndProject
Project("{9A19103F-16F7-4668-BE54-9A1E7A4F7556}") = "GuestBookLibrary", "GuestBookLibrary\GuestBookLibrary.csproj", "{24755AA5-549C-4A65-843D-34168E6CF8F1}"
EndProject
Global
	GlobalSection(SolutionConfigurationPlatforms) = preSolution
		Debug|Any CPU = Debug|Any CPU
		Release|Any CPU = Release|Any CPU
	EndGlobalSection
	GlobalSection(ProjectConfigurationPlatforms) = postSolution
		{3B9134F3-85F2-4F57-B235-817A7103E093}.Debug|Any CPU.ActiveCfg = Debug|Any CPU
		{3B9134F3-85F2-4F57-B235-817A7103E093}.Debug|Any CPU.Build.0 = Debug|Any CPU
		{3B9134F3-85F2-4F57-B235-817A7103E093}.Release|Any CPU.ActiveCfg = Release|Any CPU
		{3B9134F3-85F2-4F57-B235-817A7103E093}.Release|Any CPU.Build.0 = Release|Any CPU
		{24755AA5-549C-4A65-843D-34168E6CF8F1}.Debug|Any CPU.ActiveCfg = Debug|Any CPU
		{24755AA5-549C-4A65-843D-34168E6CF8F1}.Debug|Any CPU.Build.0 = Debug|Any CPU
		{24755AA5-549C-4A65-843D-34168E6CF8F1}.Release|Any CPU.ActiveCfg = Release|Any CPU
		{24755AA5-549C-4A65-843D-34168E6CF8F1}.Release|Any CPU.Build.0 = Release|Any CPU
	EndGlobalSection
	GlobalSection(SolutionProperties) = preSolution
		HideSolutionNode = FALSE
	EndGlobalSection
	GlobalSection(ExtensibilityGlobals) = postSolution
		SolutionGuid = {C8212416-4558-474C-976A-D58E526325D8}
	EndGlobalSection
EndGlobal
