
Microsoft Visual Studio Solution File, Format Version 12.00
# Visual Studio Version 17
VisualStudioVersion = 17.5.002.0
MinimumVisualStudioVersion = 10.0.40219.1
Project("{9A19103F-16F7-4668-BE54-9A1E7A4F7556}") = "Class_Libraries", "Class_Libraries.csproj", "{B71576DC-31D3-4D47-95FB-698D44086E4B}"
EndProject
Project("{FAE04EC0-301F-11D3-BF4B-00C04F79EFBC}") = "DemoLibrary", "DemoLibrary\DemoLibrary.csproj", "{5F69CCE6-A826-48C2-9EC6-B2F92353DB43}"
EndProject
Global
	GlobalSection(SolutionConfigurationPlatforms) = preSolution
		Debug|Any CPU = Debug|Any CPU
		Release|Any CPU = Release|Any CPU
	EndGlobalSection
	GlobalSection(ProjectConfigurationPlatforms) = postSolution
		{B71576DC-31D3-4D47-95FB-698D44086E4B}.Debug|Any CPU.ActiveCfg = Debug|Any CPU
		{B71576DC-31D3-4D47-95FB-698D44086E4B}.Debug|Any CPU.Build.0 = Debug|Any CPU
		{B71576DC-31D3-4D47-95FB-698D44086E4B}.Release|Any CPU.ActiveCfg = Release|Any CPU
		{B71576DC-31D3-4D47-95FB-698D44086E4B}.Release|Any CPU.Build.0 = Release|Any CPU
		{5F69CCE6-A826-48C2-9EC6-B2F92353DB43}.Debug|Any CPU.ActiveCfg = Debug|Any CPU
		{5F69CCE6-A826-48C2-9EC6-B2F92353DB43}.Debug|Any CPU.Build.0 = Debug|Any CPU
		{5F69CCE6-A826-48C2-9EC6-B2F92353DB43}.Release|Any CPU.ActiveCfg = Release|Any CPU
		{5F69CCE6-A826-48C2-9EC6-B2F92353DB43}.Release|Any CPU.Build.0 = Release|Any CPU
	EndGlobalSection
	GlobalSection(SolutionProperties) = preSolution
		HideSolutionNode = FALSE
	EndGlobalSection
	GlobalSection(ExtensibilityGlobals) = postSolution
		SolutionGuid = {D152BE17-8406-4A96-A192-4C8FCCBBDC26}
	EndGlobalSection
EndGlobal
