
Microsoft Visual Studio Solution File, Format Version 12.00
# Visual Studio Version 17
VisualStudioVersion = 17.5.002.0
MinimumVisualStudioVersion = 10.0.40219.1
Project("{9A19103F-16F7-4668-BE54-9A1E7A4F7556}") = "Instanciated_Classes", "Instanciated_Classes.csproj", "{6ABA39D6-56BD-489B-BF63-69C550A98DF0}"
EndProject
Global
	GlobalSection(SolutionConfigurationPlatforms) = preSolution
		Debug|Any CPU = Debug|Any CPU
		Release|Any CPU = Release|Any CPU
	EndGlobalSection
	GlobalSection(ProjectConfigurationPlatforms) = postSolution
		{6ABA39D6-56BD-489B-BF63-69C550A98DF0}.Debug|Any CPU.ActiveCfg = Debug|Any CPU
		{6ABA39D6-56BD-489B-BF63-69C550A98DF0}.Debug|Any CPU.Build.0 = Debug|Any CPU
		{6ABA39D6-56BD-489B-BF63-69C550A98DF0}.Release|Any CPU.ActiveCfg = Release|Any CPU
		{6ABA39D6-56BD-489B-BF63-69C550A98DF0}.Release|Any CPU.Build.0 = Release|Any CPU
	EndGlobalSection
	GlobalSection(SolutionProperties) = preSolution
		HideSolutionNode = FALSE
	EndGlobalSection
	GlobalSection(ExtensibilityGlobals) = postSolution
		SolutionGuid = {0183E324-519D-4F13-A027-6892CE5C4725}
	EndGlobalSection
EndGlobal
